schema: '2.0'
stages:
  preprocess:
    cmd: python src/main.py --input data/raw/sample.csv
    deps:
    - path: data/raw/sample.csv
      hash: md5
      md5: 0e18d5d2afb8d36d8455ea4baacd2ef0
      size: 1593
    - path: src/ingest.py
      hash: md5
      md5: 28ff7e3b44b3e13fa6cd93dc9612b2d3
      size: 870
    - path: src/main.py
      hash: md5
      md5: 0b9b734b816315bd1278ea02d2d414f3
      size: 1587
    - path: src/train.py
      hash: md5
      md5: 2d36e38d7b918babb029c6653f4ce437
      size: 532
    - path: src/validate.py
      hash: md5
      md5: b4b10dd6b7f5f146934c6deaaa1ca5e1
      size: 1443
    outs:
    - path: data/processed/clean.csv
      hash: md5
      md5: 8e85c5a14a803e1028cc98cea449d91d
      size: 1445
    - path: models/model.pkl
      hash: md5
      md5: ead0be9d01c3368028c754adb77eaf8d
      size: 817
